
Microsoft Visual Studio Solution File, Format Version 12.00
# Visual Studio Version 16
VisualStudioVersion = 16.0.31229.75
MinimumVisualStudioVersion = 10.0.40219.1
Project("{FAE04EC0-301F-11D3-BF4B-00C04F79EFBC}") = "WebAppFirstMVC", "WebAppFirstMVC.csproj", "{4745BBD1-2F28-411C-96B6-ED9FCB055BD5}"
EndProject
Global
	GlobalSection(SolutionConfigurationPlatforms) = preSolution
		Debug|Any CPU = Debug|Any CPU
		Release|Any CPU = Release|Any CPU
	EndGlobalSection
	GlobalSection(ProjectConfigurationPlatforms) = postSolution
		{4745BBD1-2F28-411C-96B6-ED9FCB055BD5}.Debug|Any CPU.ActiveCfg = Debug|Any CPU
		{4745BBD1-2F28-411C-96B6-ED9FCB055BD5}.Debug|Any CPU.Build.0 = Debug|Any CPU
		{4745BBD1-2F28-411C-96B6-ED9FCB055BD5}.Release|Any CPU.ActiveCfg = Release|Any CPU
		{4745BBD1-2F28-411C-96B6-ED9FCB055BD5}.Release|Any CPU.Build.0 = Release|Any CPU
	EndGlobalSection
	GlobalSection(SolutionProperties) = preSolution
		HideSolutionNode = FALSE
	EndGlobalSection
	GlobalSection(ExtensibilityGlobals) = postSolution
		SolutionGuid = {FFF64B4C-3CD6-4810-9048-D6294DB28C49}
	EndGlobalSection
EndGlobal
